
Microsoft Visual Studio Solution File, Format Version 12.00
# Visual Studio 2013
VisualStudioVersion = 12.0.40629.0
MinimumVisualStudioVersion = 10.0.40219.1
Project("{FAE04EC0-301F-11D3-BF4B-00C04F79EFBC}") = "Base Global", "Base Global.csproj", "{5EE6737A-4DA7-4834-9C9E-8D92F9EA8190}"
EndProject
Project("{FAE04EC0-301F-11D3-BF4B-00C04F79EFBC}") = "System Global", "..\..\..\System Global\System Global.csproj", "{2851654C-31F7-49C9-ADC7-7D84FCA8D610}"
EndProject
Global
	GlobalSection(SolutionConfigurationPlatforms) = preSolution
		Debug|Any CPU = Debug|Any CPU
		PC|Any CPU = PC|Any CPU
		Release|Any CPU = Release|Any CPU
	EndGlobalSection
	GlobalSection(ProjectConfigurationPlatforms) = postSolution
		{5EE6737A-4DA7-4834-9C9E-8D92F9EA8190}.Debug|Any CPU.ActiveCfg = Debug|Any CPU
		{5EE6737A-4DA7-4834-9C9E-8D92F9EA8190}.Debug|Any CPU.Build.0 = Debug|Any CPU
		{5EE6737A-4DA7-4834-9C9E-8D92F9EA8190}.PC|Any CPU.ActiveCfg = PC|Any CPU
		{5EE6737A-4DA7-4834-9C9E-8D92F9EA8190}.PC|Any CPU.Build.0 = PC|Any CPU
		{5EE6737A-4DA7-4834-9C9E-8D92F9EA8190}.Release|Any CPU.ActiveCfg = Release|Any CPU
		{5EE6737A-4DA7-4834-9C9E-8D92F9EA8190}.Release|Any CPU.Build.0 = Release|Any CPU
		{2851654C-31F7-49C9-ADC7-7D84FCA8D610}.Debug|Any CPU.ActiveCfg = Debug|Any CPU
		{2851654C-31F7-49C9-ADC7-7D84FCA8D610}.Debug|Any CPU.Build.0 = Debug|Any CPU
		{2851654C-31F7-49C9-ADC7-7D84FCA8D610}.PC|Any CPU.ActiveCfg = Debug|Any CPU
		{2851654C-31F7-49C9-ADC7-7D84FCA8D610}.PC|Any CPU.Build.0 = Debug|Any CPU
		{2851654C-31F7-49C9-ADC7-7D84FCA8D610}.Release|Any CPU.ActiveCfg = Debug|Any CPU
		{2851654C-31F7-49C9-ADC7-7D84FCA8D610}.Release|Any CPU.Build.0 = Debug|Any CPU
	EndGlobalSection
	GlobalSection(SolutionProperties) = preSolution
		HideSolutionNode = FALSE
	EndGlobalSection
EndGlobal
