
Microsoft Visual Studio Solution File, Format Version 12.00
# Visual Studio Express 2013 for Windows Desktop
VisualStudioVersion = 12.0.40629.0
MinimumVisualStudioVersion = 10.0.40219.1
Project("{FAE04EC0-301F-11D3-BF4B-00C04F79EFBC}") = "App Message Handler", "App Message Handler.csproj", "{5C520D44-4CA3-4C60-B613-80F1012CD207}"
EndProject
Project("{FAE04EC0-301F-11D3-BF4B-00C04F79EFBC}") = "Routing", "..\Routing\Routing.csproj", "{E7738A22-3BA7-4E21-8332-C5EC40816057}"
EndProject
Project("{FAE04EC0-301F-11D3-BF4B-00C04F79EFBC}") = "App Global", "..\App Global\App Global.csproj", "{BCB6C168-CB4C-4A66-9ED0-ADE99A572758}"
EndProject
Project("{FAE04EC0-301F-11D3-BF4B-00C04F79EFBC}") = "Utility", "..\..\..\..\Support Items\Utility\Utility.csproj", "{8C8FF882-46C5-434A-BE07-F1869EB3AF71}"
EndProject
Project("{FAE04EC0-301F-11D3-BF4B-00C04F79EFBC}") = "Local Manager Global", "..\..\..\Manager\Local\Local Components\Local Manager Global\Local Manager Global\Local Manager Global.csproj", "{842DEF4F-806C-4D1C-9751-01330F07F3BC}"
EndProject
Project("{FAE04EC0-301F-11D3-BF4B-00C04F79EFBC}") = "System Global", "..\..\..\System Global\System Global.csproj", "{2851654C-31F7-49C9-ADC7-7D84FCA8D610}"
EndProject
Global
	GlobalSection(SolutionConfigurationPlatforms) = preSolution
		BaseStation|Any CPU = BaseStation|Any CPU
		Debug|Any CPU = Debug|Any CPU
		PC|Any CPU = PC|Any CPU
		RelayNode|Any CPU = RelayNode|Any CPU
		Release|Any CPU = Release|Any CPU
	EndGlobalSection
	GlobalSection(ProjectConfigurationPlatforms) = postSolution
		{5C520D44-4CA3-4C60-B613-80F1012CD207}.BaseStation|Any CPU.ActiveCfg = BaseStation|Any CPU
		{5C520D44-4CA3-4C60-B613-80F1012CD207}.BaseStation|Any CPU.Build.0 = BaseStation|Any CPU
		{5C520D44-4CA3-4C60-B613-80F1012CD207}.Debug|Any CPU.ActiveCfg = Debug|Any CPU
		{5C520D44-4CA3-4C60-B613-80F1012CD207}.Debug|Any CPU.Build.0 = Debug|Any CPU
		{5C520D44-4CA3-4C60-B613-80F1012CD207}.PC|Any CPU.ActiveCfg = PC|Any CPU
		{5C520D44-4CA3-4C60-B613-80F1012CD207}.PC|Any CPU.Build.0 = PC|Any CPU
		{5C520D44-4CA3-4C60-B613-80F1012CD207}.RelayNode|Any CPU.ActiveCfg = RelayNode|Any CPU
		{5C520D44-4CA3-4C60-B613-80F1012CD207}.RelayNode|Any CPU.Build.0 = RelayNode|Any CPU
		{5C520D44-4CA3-4C60-B613-80F1012CD207}.Release|Any CPU.ActiveCfg = Release|Any CPU
		{5C520D44-4CA3-4C60-B613-80F1012CD207}.Release|Any CPU.Build.0 = Release|Any CPU
		{E7738A22-3BA7-4E21-8332-C5EC40816057}.BaseStation|Any CPU.ActiveCfg = BaseStation|Any CPU
		{E7738A22-3BA7-4E21-8332-C5EC40816057}.BaseStation|Any CPU.Build.0 = BaseStation|Any CPU
		{E7738A22-3BA7-4E21-8332-C5EC40816057}.Debug|Any CPU.ActiveCfg = Debug|Any CPU
		{E7738A22-3BA7-4E21-8332-C5EC40816057}.Debug|Any CPU.Build.0 = Debug|Any CPU
		{E7738A22-3BA7-4E21-8332-C5EC40816057}.PC|Any CPU.ActiveCfg = BaseStation|Any CPU
		{E7738A22-3BA7-4E21-8332-C5EC40816057}.PC|Any CPU.Build.0 = BaseStation|Any CPU
		{E7738A22-3BA7-4E21-8332-C5EC40816057}.RelayNode|Any CPU.ActiveCfg = RelayNode|Any CPU
		{E7738A22-3BA7-4E21-8332-C5EC40816057}.RelayNode|Any CPU.Build.0 = RelayNode|Any CPU
		{E7738A22-3BA7-4E21-8332-C5EC40816057}.Release|Any CPU.ActiveCfg = Release|Any CPU
		{E7738A22-3BA7-4E21-8332-C5EC40816057}.Release|Any CPU.Build.0 = Release|Any CPU
		{BCB6C168-CB4C-4A66-9ED0-ADE99A572758}.BaseStation|Any CPU.ActiveCfg = BaseStation|Any CPU
		{BCB6C168-CB4C-4A66-9ED0-ADE99A572758}.BaseStation|Any CPU.Build.0 = BaseStation|Any CPU
		{BCB6C168-CB4C-4A66-9ED0-ADE99A572758}.Debug|Any CPU.ActiveCfg = Debug|Any CPU
		{BCB6C168-CB4C-4A66-9ED0-ADE99A572758}.Debug|Any CPU.Build.0 = Debug|Any CPU
		{BCB6C168-CB4C-4A66-9ED0-ADE99A572758}.PC|Any CPU.ActiveCfg = PC|Any CPU
		{BCB6C168-CB4C-4A66-9ED0-ADE99A572758}.PC|Any CPU.Build.0 = PC|Any CPU
		{BCB6C168-CB4C-4A66-9ED0-ADE99A572758}.RelayNode|Any CPU.ActiveCfg = RelayNode|Any CPU
		{BCB6C168-CB4C-4A66-9ED0-ADE99A572758}.RelayNode|Any CPU.Build.0 = RelayNode|Any CPU
		{BCB6C168-CB4C-4A66-9ED0-ADE99A572758}.Release|Any CPU.ActiveCfg = RelayNode|Any CPU
		{BCB6C168-CB4C-4A66-9ED0-ADE99A572758}.Release|Any CPU.Build.0 = RelayNode|Any CPU
		{8C8FF882-46C5-434A-BE07-F1869EB3AF71}.BaseStation|Any CPU.ActiveCfg = Debug|Any CPU
		{8C8FF882-46C5-434A-BE07-F1869EB3AF71}.BaseStation|Any CPU.Build.0 = Debug|Any CPU
		{8C8FF882-46C5-434A-BE07-F1869EB3AF71}.Debug|Any CPU.ActiveCfg = Debug|Any CPU
		{8C8FF882-46C5-434A-BE07-F1869EB3AF71}.Debug|Any CPU.Build.0 = Debug|Any CPU
		{8C8FF882-46C5-434A-BE07-F1869EB3AF71}.PC|Any CPU.ActiveCfg = Debug|Any CPU
		{8C8FF882-46C5-434A-BE07-F1869EB3AF71}.PC|Any CPU.Build.0 = Debug|Any CPU
		{8C8FF882-46C5-434A-BE07-F1869EB3AF71}.RelayNode|Any CPU.ActiveCfg = Debug|Any CPU
		{8C8FF882-46C5-434A-BE07-F1869EB3AF71}.RelayNode|Any CPU.Build.0 = Debug|Any CPU
		{8C8FF882-46C5-434A-BE07-F1869EB3AF71}.Release|Any CPU.ActiveCfg = Debug|Any CPU
		{8C8FF882-46C5-434A-BE07-F1869EB3AF71}.Release|Any CPU.Build.0 = Debug|Any CPU
		{842DEF4F-806C-4D1C-9751-01330F07F3BC}.BaseStation|Any CPU.ActiveCfg = Release|Any CPU
		{842DEF4F-806C-4D1C-9751-01330F07F3BC}.BaseStation|Any CPU.Build.0 = Release|Any CPU
		{842DEF4F-806C-4D1C-9751-01330F07F3BC}.Debug|Any CPU.ActiveCfg = Debug|Any CPU
		{842DEF4F-806C-4D1C-9751-01330F07F3BC}.Debug|Any CPU.Build.0 = Debug|Any CPU
		{842DEF4F-806C-4D1C-9751-01330F07F3BC}.PC|Any CPU.ActiveCfg = Release|Any CPU
		{842DEF4F-806C-4D1C-9751-01330F07F3BC}.PC|Any CPU.Build.0 = Release|Any CPU
		{842DEF4F-806C-4D1C-9751-01330F07F3BC}.RelayNode|Any CPU.ActiveCfg = Release|Any CPU
		{842DEF4F-806C-4D1C-9751-01330F07F3BC}.RelayNode|Any CPU.Build.0 = Release|Any CPU
		{842DEF4F-806C-4D1C-9751-01330F07F3BC}.Release|Any CPU.ActiveCfg = Release|Any CPU
		{842DEF4F-806C-4D1C-9751-01330F07F3BC}.Release|Any CPU.Build.0 = Release|Any CPU
		{2851654C-31F7-49C9-ADC7-7D84FCA8D610}.BaseStation|Any CPU.ActiveCfg = BaseStation|Any CPU
		{2851654C-31F7-49C9-ADC7-7D84FCA8D610}.BaseStation|Any CPU.Build.0 = BaseStation|Any CPU
		{2851654C-31F7-49C9-ADC7-7D84FCA8D610}.Debug|Any CPU.ActiveCfg = Debug|Any CPU
		{2851654C-31F7-49C9-ADC7-7D84FCA8D610}.Debug|Any CPU.Build.0 = Debug|Any CPU
		{2851654C-31F7-49C9-ADC7-7D84FCA8D610}.PC|Any CPU.ActiveCfg = RelayNode|Any CPU
		{2851654C-31F7-49C9-ADC7-7D84FCA8D610}.PC|Any CPU.Build.0 = RelayNode|Any CPU
		{2851654C-31F7-49C9-ADC7-7D84FCA8D610}.RelayNode|Any CPU.ActiveCfg = RelayNode|Any CPU
		{2851654C-31F7-49C9-ADC7-7D84FCA8D610}.RelayNode|Any CPU.Build.0 = RelayNode|Any CPU
		{2851654C-31F7-49C9-ADC7-7D84FCA8D610}.Release|Any CPU.ActiveCfg = RelayNode|Any CPU
		{2851654C-31F7-49C9-ADC7-7D84FCA8D610}.Release|Any CPU.Build.0 = RelayNode|Any CPU
	EndGlobalSection
	GlobalSection(SolutionProperties) = preSolution
		HideSolutionNode = FALSE
	EndGlobalSection
EndGlobal
